{"format_version":"1.0","provider_schemas":{"registry.terraform.io/gitlabhq/gitlab":{"provider":{"version":0,"block":{"attributes":{"base_url":{"type":"string","description":"This is the target GitLab base API endpoint. Providing a value is a requirement when working with GitLab CE or GitLab Enterprise e.g. `https://my.gitlab.server/api/v4/`. It is optional to provide this value and it can also be sourced from the `GITLAB_BASE_URL` environment variable. The value must end with a slash.","description_kind":"markdown","optional":true},"cacert_file":{"type":"string","description":"This is a file containing the ca cert to verify the gitlab instance. This is available for use when working with GitLab CE or Gitlab Enterprise with a locally-issued or self-signed certificate chain.","description_kind":"markdown","optional":true},"client_cert":{"type":"string","description":"File path to client certificate when GitLab instance is behind company proxy. File must contain PEM encoded data.","description_kind":"markdown","optional":true},"client_key":{"type":"string","description":"File path to client key when GitLab instance is behind company proxy. File must contain PEM encoded data. Required when `client_cert` is set.","description_kind":"markdown","optional":true},"early_auth_check":{"type":"bool","description":"(Experimental) By default the provider does a dummy request to get the current user in order to verify that the provider configuration is correct and the GitLab API is reachable. Turn it off, to skip this check. This may be useful if the GitLab instance does not yet exist and is created within the same terraform module. This is an experimental feature and may change in the future. Please make sure to always keep backups of your state.","description_kind":"markdown","optional":true},"insecure":{"type":"bool","description":"When set to true this disables SSL verification of the connection to the GitLab instance.","description_kind":"markdown","optional":true},"token":{"type":"string","description":"The OAuth2 Token, Project, Group, Personal Access Token or CI Job Token used to connect to GitLab. The OAuth method is used in this provider for authentication (using Bearer authorization token). See https://docs.gitlab.com/ee/api/#authentication for details. It may be sourced from the `GITLAB_TOKEN` environment variable.","description_kind":"markdown","optional":true}},"description_kind":"plain"}},"resource_schemas":{"gitlab_branch":{"version":0,"block":{"attributes":{"can_push":{"type":"bool","description":"Bool, true if you can push to the branch.","description_kind":"markdown","computed":true},"commit":{"type":["set",["object",{"author_email":"string","author_name":"string","authored_date":"string","committed_date":"string","committer_email":"string","committer_name":"string","id":"string","message":"string","parent_ids":["set","string"],"short_id":"string","title":"string"}]],"description":"The commit associated with the branch ref.","description_kind":"markdown","computed":true},"default":{"type":"bool","description":"Bool, true if branch is the default branch for the project.","description_kind":"markdown","computed":true},"developer_can_merge":{"type":"bool","description":"Bool, true if developer level access allows to merge branch.","description_kind":"markdown","computed":true},"developer_can_push":{"type":"bool","description":"Bool, true if developer level access allows git push.","description_kind":"markdown","computed":true},"id":{"type":"string","description_kind":"plain","optional":true,"computed":true},"merged":{"type":"bool","description":"Bool, true if the branch has been merged into it's parent.","description_kind":"markdown","computed":true},"name":{"type":"string","description":"The name for this branch.","description_kind":"markdown","required":true},"project":{"type":"string","description":"The ID or full path of the project which the branch is created against.","description_kind":"markdown","required":true},"protected":{"type":"bool","description":"Bool, true if branch has branch protection.","description_kind":"markdown","computed":true},"ref":{"type":"string","description":"The ref which the branch is created from.","description_kind":"markdown","required":true},"web_url":{"type":"string","description":"The url of the created branch (https).","description_kind":"markdown","computed":true}},"description":"This resource allows you to create and manage GitLab branches.","description_kind":"markdown"}},"gitlab_branch_protection":{"version":0,"block":{"attributes":{"allow_force_push":{"type":"bool","description":"Can be set to true to allow users with push access to force push.","description_kind":"markdown","optional":true},"branch":{"type":"string","description":"Name of the branch.","description_kind":"markdown","required":true},"branch_protection_id":{"type":"number","description":"The ID of the branch protection (not the branch name).","description_kind":"markdown","computed":true},"code_owner_approval_required":{"type":"bool","description":"Can be set to true to require code owner approval before merging.","description_kind":"markdown","optional":true},"id":{"type":"string","description_kind":"plain","optional":true,"computed":true},"merge_access_level":{"type":"string","description":"Access levels allowed to merge. Valid values are: `no one`, `developer`, `maintainer`.","description_kind":"markdown","required":true},"project":{"type":"string","description":"The id of the project.","description_kind":"markdown","required":true},"push_access_level":{"type":"string","description":"Access levels allowed to push. Valid values are: `no one`, `developer`, `maintainer`.","description_kind":"markdown","required":true}},"block_types":{"allowed_to_merge":{"nesting_mode":"set","block":{"attributes":{"access_level":{"type":"string","description":"Level of access.","description_kind":"markdown","computed":true},"access_level_description":{"type":"string","description":"Readable description of level of access.","description_kind":"markdown","computed":true},"group_id":{"type":"number","description":"The ID of a GitLab group allowed to perform the relevant action. Mutually exclusive with `user_id`.","description_kind":"markdown","optional":true},"user_id":{"type":"number","description":"The ID of a GitLab user allowed to perform the relevant action. Mutually exclusive with `group_id`.","description_kind":"markdown","optional":true}},"description":"Defines permissions for action.","description_kind":"markdown"}},"allowed_to_push":{"nesting_mode":"set","block":{"attributes":{"access_level":{"type":"string","description":"Level of access.","description_kind":"markdown","computed":true},"access_level_description":{"type":"string","description":"Readable description of level of access.","description_kind":"markdown","computed":true},"group_id":{"type":"number","description":"The ID of a GitLab group allowed to perform the relevant action. Mutually exclusive with `user_id`.","description_kind":"markdown","optional":true},"user_id":{"type":"number","description":"The ID of a GitLab user allowed to perform the relevant action. Mutually exclusive with `group_id`.","description_kind":"markdown","optional":true}},"description":"Defines permissions for action.","description_kind":"markdown"}}},"description":"This resource allows you to protect a specific branch by an access level so that the user with less access level cannot Merge/Push to the branch.\n\n-\u003e The `allowed_to_push`, `allowed_to_merge` and `code_owner_approval_required` arguments require a GitLab Premium account or above.  Please refer to [Gitlab API documentation](https://docs.gitlab.com/ee/api/protected_branches.html) for further information.","description_kind":"markdown"}},"gitlab_deploy_key":{"version":0,"block":{"attributes":{"can_push":{"type":"bool","description":"Allow this deploy key to be used to push changes to the project.  Defaults to `false`. **NOTE::** this cannot currently be managed.","description_kind":"markdown","optional":true},"id":{"type":"string","description_kind":"plain","optional":true,"computed":true},"key":{"type":"string","description":"The public ssh key body.","description_kind":"markdown","required":true},"project":{"type":"string","description":"The name or id of the project to add the deploy key to.","description_kind":"markdown","required":true},"title":{"type":"string","description":"A title to describe the deploy key with.","description_kind":"markdown","required":true}},"description":"This resource allows you to create and manage [deploy keys](https://docs.gitlab.com/ee/user/project/deploy_keys/) for your GitLab projects.","description_kind":"markdown"}},"gitlab_deploy_key_enable":{"version":0,"block":{"attributes":{"can_push":{"type":"bool","description":"Can deploy key push to the project’s repository.","description_kind":"markdown","optional":true,"computed":true},"id":{"type":"string","description_kind":"plain","optional":true,"computed":true},"key":{"type":"string","description":"Deploy key.","description_kind":"markdown","optional":true,"computed":true},"key_id":{"type":"string","description":"The Gitlab key id for the pre-existing deploy key","description_kind":"markdown","required":true},"project":{"type":"string","description":"The name or id of the project to add the deploy key to.","description_kind":"markdown","required":true},"title":{"type":"string","description":"Deploy key's title.","description_kind":"markdown","optional":true,"computed":true}},"description":"This resource allows you to enable pre-existing deploy keys for your GitLab projects.\n\n\u003e **NOTE**: the GITLAB KEY_ID for the deploy key must be known","description_kind":"markdown"}},"gitlab_deploy_token":{"version":0,"block":{"attributes":{"expires_at":{"type":"string","description":"Time the token will expire it, RFC3339 format. Will not expire per default.","description_kind":"markdown","optional":true},"group":{"type":"string","description":"The name or id of the group to add the deploy token to.","description_kind":"markdown","optional":true},"id":{"type":"string","description_kind":"plain","optional":true,"computed":true},"name":{"type":"string","description":"A name to describe the deploy token with.","description_kind":"markdown","required":true},"project":{"type":"string","description":"The name or id of the project to add the deploy token to.","description_kind":"markdown","optional":true},"scopes":{"type":["set","string"],"description":"Valid values: `read_repository`, `read_registry`, `read_package_registry`, `write_registry`, `write_package_registry`.","description_kind":"markdown","required":true},"token":{"type":"string","description":"The secret token. This is only populated when creating a new deploy token.","description_kind":"markdown","computed":true,"sensitive":true},"username":{"type":"string","description":"A username for the deploy token. Default is `gitlab+deploy-token-{n}`.","description_kind":"markdown","optional":true,"computed":true}},"description":"This resource allows you to create and manage deploy token for your GitLab projects and groups. Please refer to [Gitlab documentation](https://docs.gitlab.com/ee/user/project/deploy_tokens/) for further information.","description_kind":"markdown"}},"gitlab_group":{"version":0,"block":{"attributes":{"auto_devops_enabled":{"type":"bool","description":"Boolean, defaults to false.  Default to Auto","description_kind":"markdown","optional":true},"default_branch_protection":{"type":"number","description":"Int, defaults to 2.","description_kind":"markdown","optional":true},"description":{"type":"string","description":"The description of the group.","description_kind":"markdown","optional":true},"emails_disabled":{"type":"bool","description":"Boolean, defaults to false.  Disable email notifications","description_kind":"markdown","optional":true},"full_name":{"type":"string","description":"The full name of the group.","description_kind":"markdown","computed":true},"full_path":{"type":"string","description":"The full path of the group.","description_kind":"markdown","computed":true},"id":{"type":"string","description_kind":"plain","optional":true,"computed":true},"lfs_enabled":{"type":"bool","description":"Boolean, defaults to true.  Whether to enable LFS","description_kind":"markdown","optional":true},"mentions_disabled":{"type":"bool","description":"Boolean, defaults to false.  Disable the capability","description_kind":"markdown","optional":true},"name":{"type":"string","description":"The name of this group.","description_kind":"markdown","required":true},"parent_id":{"type":"number","description":"Integer, id of the parent group (creates a nested group).","description_kind":"markdown","optional":true},"path":{"type":"string","description":"The path of the group.","description_kind":"markdown","required":true},"project_creation_level":{"type":"string","description":", defaults to Maintainer.","description_kind":"markdown","optional":true},"request_access_enabled":{"type":"bool","description":"Boolean, defaults to false.  Whether to","description_kind":"markdown","optional":true},"require_two_factor_authentication":{"type":"bool","description":"Boolean, defaults to false.","description_kind":"markdown","optional":true},"runners_token":{"type":"string","description":"The group level registration token to use during runner setup.","description_kind":"markdown","computed":true,"sensitive":true},"share_with_group_lock":{"type":"bool","description":"Boolean, defaults to false.  Prevent sharing","description_kind":"markdown","optional":true},"subgroup_creation_level":{"type":"string","description":", defaults to Owner.","description_kind":"markdown","optional":true},"two_factor_grace_period":{"type":"number","description":"Int, defaults to 48.","description_kind":"markdown","optional":true},"visibility_level":{"type":"string","description":"The group's visibility. Can be `private`, `internal`, or `public`.","description_kind":"markdown","optional":true,"computed":true},"web_url":{"type":"string","description":"Web URL of the group.","description_kind":"markdown","computed":true}},"description":"This resource allows you to create and manage GitLab groups.\nNote your provider will need to be configured with admin-level access for this resource to work.","description_kind":"markdown"}},"gitlab_group_access_token":{"version":0,"block":{"attributes":{"access_level":{"type":"string","description":"The access level for the group access token. Valid values are: `guest`, `reporter`, `developer`, `maintainer`.","description_kind":"markdown","optional":true},"active":{"type":"bool","description":"True if the token is active.","description_kind":"markdown","computed":true},"created_at":{"type":"string","description":"Time the token has been created, RFC3339 format.","description_kind":"markdown","computed":true},"expires_at":{"type":"string","description":"The token expires at midnight UTC on that date. The date must be in the format YYYY-MM-DD. Default is never.","description_kind":"markdown","optional":true},"group":{"type":"string","description":"The ID or path of the group to add the group access token to.","description_kind":"markdown","required":true},"id":{"type":"string","description_kind":"plain","optional":true,"computed":true},"name":{"type":"string","description":"The name of the group access token.","description_kind":"markdown","required":true},"revoked":{"type":"bool","description":"True if the token is revoked.","description_kind":"markdown","computed":true},"scopes":{"type":["set","string"],"description":"The scope for the group access token. It determines the actions which can be performed when authenticating with this token. Valid values are: `api`, `read_api`, `read_registry`, `write_registry`, `read_repository`, `write_repository`.","description_kind":"markdown","required":true},"token":{"type":"string","description":"The group access token. This is only populated when creating a new group access token. This attribute is not available for imported resources.","description_kind":"markdown","computed":true,"sensitive":true},"user_id":{"type":"number","description":"The user id associated to the token.","description_kind":"markdown","computed":true}},"description":"This resource allows you to create and manage Group Access Token for your GitLab Groups. (Introduced in GitLab 14.7)","description_kind":"markdown"}},"gitlab_group_badge":{"version":0,"block":{"attributes":{"group":{"type":"string","description":"The id of the group to add the badge to.","description_kind":"markdown","required":true},"id":{"type":"string","description_kind":"plain","optional":true,"computed":true},"image_url":{"type":"string","description":"The image url which will be presented on group overview.","description_kind":"markdown","required":true},"link_url":{"type":"string","description":"The url linked with the badge.","description_kind":"markdown","required":true},"rendered_image_url":{"type":"string","description":"The image_url argument rendered (in case of use of placeholders).","description_kind":"markdown","computed":true},"rendered_link_url":{"type":"string","description":"The link_url argument rendered (in case of use of placeholders).","description_kind":"markdown","computed":true}},"description":"This resource allows you to create and manage badges for your GitLab groups.\nFor further information, consult the [gitlab\ndocumentation](https://docs.gitlab.com/ee/user/project/badges.html#group-badges).","description_kind":"markdown"}},"gitlab_group_cluster":{"version":0,"block":{"attributes":{"cluster_type":{"type":"string","description":"Cluster type.","description_kind":"markdown","computed":true},"created_at":{"type":"string","description":"Create time.","description_kind":"markdown","computed":true},"domain":{"type":"string","description":"The base domain of the cluster.","description_kind":"markdown","optional":true},"enabled":{"type":"bool","description":"Determines if cluster is active or not. Defaults to `true`. This attribute cannot be read.","description_kind":"markdown","optional":true},"environment_scope":{"type":"string","description":"The associated environment to the cluster. Defaults to `*`.","description_kind":"markdown","optional":true},"group":{"type":"string","description":"The id of the group to add the cluster to.","description_kind":"markdown","required":true},"id":{"type":"string","description_kind":"plain","optional":true,"computed":true},"kubernetes_api_url":{"type":"string","description":"The URL to access the Kubernetes API.","description_kind":"markdown","required":true},"kubernetes_authorization_type":{"type":"string","description":"The cluster authorization type. Valid values are `rbac`, `abac`, `unknown_authorization`. Defaults to `rbac`.","description_kind":"markdown","optional":true},"kubernetes_ca_cert":{"type":"string","description":"TLS certificate (needed if API is using a self-signed TLS certificate).","description_kind":"markdown","optional":true},"kubernetes_token":{"type":"string","description":"The token to authenticate against Kubernetes.","description_kind":"markdown","required":true,"sensitive":true},"managed":{"type":"bool","description":"Determines if cluster is managed by gitlab or not. Defaults to `true`. This attribute cannot be read.","description_kind":"markdown","optional":true},"management_project_id":{"type":"string","description":"The ID of the management project for the cluster.","description_kind":"markdown","optional":true},"name":{"type":"string","description":"The name of cluster.","description_kind":"markdown","required":true},"platform_type":{"type":"string","description":"Platform type.","description_kind":"markdown","computed":true},"provider_type":{"type":"string","description":"Provider type.","description_kind":"markdown","computed":true}},"description":"This resource allows you to create and manage group clusters for your GitLab groups.\nFor further information on clusters, consult the [gitlab\ndocumentation](https://docs.gitlab.com/ce/user/group/clusters/index.html).","description_kind":"markdown"}},"gitlab_group_custom_attribute":{"version":0,"block":{"attributes":{"group":{"type":"number","description":"The id of the group.","description_kind":"markdown","required":true},"id":{"type":"string","description_kind":"plain","optional":true,"computed":true},"key":{"type":"string","description":"Key for the Custom Attribute.","description_kind":"markdown","required":true},"value":{"type":"string","description":"Value for the Custom Attribute.","description_kind":"markdown","required":true}},"description":"This resource allows you to set custom attributes for a group.","description_kind":"markdown"}},"gitlab_group_label":{"version":0,"block":{"attributes":{"color":{"type":"string","description":"The color of the label given in 6-digit hex notation with leading '#' sign (e.g. #FFAABB) or one of the [CSS color names](https://developer.mozilla.org/en-US/docs/Web/CSS/color_value#Color_keywords).","description_kind":"markdown","required":true},"description":{"type":"string","description":"The description of the label.","description_kind":"markdown","optional":true},"group":{"type":"string","description":"The name or id of the group to add the label to.","description_kind":"markdown","required":true},"id":{"type":"string","description_kind":"plain","optional":true,"computed":true},"name":{"type":"string","description":"The name of the label.","description_kind":"markdown","required":true}},"description":"This resource allows you to create and manage labels for your GitLab groups.\nFor further information on labels, consult the [gitlab\ndocumentation](https://docs.gitlab.com/ee/user/project/labels.html#group-labels).","description_kind":"markdown"}},"gitlab_group_ldap_link":{"version":0,"block":{"attributes":{"access_level":{"type":"string","description":"Minimum access level for members of the LDAP group. Valid values are: `no one`, `minimal`, `guest`, `reporter`, `developer`, `maintainer`, `owner`, `master`","description_kind":"markdown","deprecated":true,"optional":true},"cn":{"type":"string","description":"The CN of the LDAP group to link with.","description_kind":"markdown","required":true},"force":{"type":"bool","description":"If true, then delete and replace an existing LDAP link if one exists.","description_kind":"markdown","optional":true},"group_access":{"type":"string","description":"Minimum access level for members of the LDAP group. Valid values are: `no one`, `minimal`, `guest`, `reporter`, `developer`, `maintainer`, `owner`, `master`","description_kind":"markdown","optional":true},"group_id":{"type":"string","description":"The id of the GitLab group.","description_kind":"markdown","required":true},"id":{"type":"string","description_kind":"plain","optional":true,"computed":true},"ldap_provider":{"type":"string","description":"The name of the LDAP provider as stored in the GitLab database.","description_kind":"markdown","required":true}},"description":"This resource allows you to add an LDAP link to an existing GitLab group.","description_kind":"markdown"}},"gitlab_group_membership":{"version":0,"block":{"attributes":{"access_level":{"type":"string","description":"Access level for the member. Valid values are: `no one`, `minimal`, `guest`, `reporter`, `developer`, `maintainer`, `owner`, `master`.","description_kind":"markdown","required":true},"expires_at":{"type":"string","description":"Expiration date for the group membership. Format: `YYYY-MM-DD`","description_kind":"markdown","optional":true},"group_id":{"type":"string","description":"The id of the group.","description_kind":"markdown","required":true},"id":{"type":"string","description_kind":"plain","optional":true,"computed":true},"user_id":{"type":"number","description":"The id of the user.","description_kind":"markdown","required":true}},"description":"This resource allows you to add a user to an existing group.","description_kind":"markdown"}},"gitlab_group_share_group":{"version":0,"block":{"attributes":{"expires_at":{"type":"string","description":"Share expiration date. Format: `YYYY-MM-DD`","description_kind":"markdown","optional":true},"group_access":{"type":"string","description":"The access level to grant the group. Valid values are: `no one`, `minimal`, `guest`, `reporter`, `developer`, `maintainer`, `owner`, `master`","description_kind":"markdown","required":true},"group_id":{"type":"string","description":"The id of the main group.","description_kind":"markdown","required":true},"id":{"type":"string","description_kind":"plain","optional":true,"computed":true},"share_group_id":{"type":"number","description":"The id of an additional group which will be shared with the main group.","description_kind":"markdown","required":true}},"description":"This resource allows you to share a group with another group","description_kind":"markdown"}},"gitlab_group_variable":{"version":0,"block":{"attributes":{"environment_scope":{"type":"string","description":"The environment scope of the variable. Defaults to all environment (`*`). Note that in Community Editions of Gitlab, values other than `*` will cause inconsistent plans. See https://docs.gitlab.com/ee/ci/variables/#add-a-cicd-variable-to-a-group","description_kind":"markdown","optional":true},"group":{"type":"string","description":"The name or id of the group.","description_kind":"markdown","required":true},"id":{"type":"string","description_kind":"plain","optional":true,"computed":true},"key":{"type":"string","description":"The name of the variable.","description_kind":"markdown","required":true},"masked":{"type":"bool","description":"If set to `true`, the value of the variable will be hidden in job logs. The value must meet the [masking requirements](https://docs.gitlab.com/ee/ci/variables/#masked-variables). Defaults to `false`.","description_kind":"markdown","optional":true},"protected":{"type":"bool","description":"If set to `true`, the variable will be passed only to pipelines running on protected branches and tags. Defaults to `false`.","description_kind":"markdown","optional":true},"value":{"type":"string","description":"The value of the variable.","description_kind":"markdown","required":true,"sensitive":true},"variable_type":{"type":"string","description":"The type of a variable. Available types are: env_var (default) and file.","description_kind":"markdown","optional":true}},"description":"This resource allows you to create and manage CI/CD variables for your GitLab groups.\nFor further information on variables, consult the [gitlab\ndocumentation](https://docs.gitlab.com/ce/ci/variables/README.html#variables).","description_kind":"markdown"}},"gitlab_instance_cluster":{"version":0,"block":{"attributes":{"cluster_type":{"type":"string","description":"Cluster type.","description_kind":"markdown","computed":true},"created_at":{"type":"string","description":"Create time.","description_kind":"markdown","computed":true},"domain":{"type":"string","description":"The base domain of the cluster.","description_kind":"markdown","optional":true},"enabled":{"type":"bool","description":"Determines if cluster is active or not. Defaults to `true`. This attribute cannot be read.","description_kind":"markdown","optional":true},"environment_scope":{"type":"string","description":"The associated environment to the cluster. Defaults to `*`.","description_kind":"markdown","optional":true},"id":{"type":"string","description_kind":"plain","optional":true,"computed":true},"kubernetes_api_url":{"type":"string","description":"The URL to access the Kubernetes API.","description_kind":"markdown","required":true},"kubernetes_authorization_type":{"type":"string","description":"The cluster authorization type. Valid values are `rbac`, `abac`, `unknown_authorization`. Defaults to `rbac`.","description_kind":"markdown","optional":true},"kubernetes_ca_cert":{"type":"string","description":"TLS certificate (needed if API is using a self-signed TLS certificate).","description_kind":"markdown","optional":true},"kubernetes_namespace":{"type":"string","description":"The unique namespace related to the instance.","description_kind":"markdown","optional":true},"kubernetes_token":{"type":"string","description":"The token to authenticate against Kubernetes. This attribute cannot be read.","description_kind":"markdown","required":true,"sensitive":true},"managed":{"type":"bool","description":"Determines if cluster is managed by gitlab or not. Defaults to `true`. This attribute cannot be read.","description_kind":"markdown","optional":true},"management_project_id":{"type":"string","description":"The ID of the management project for the cluster.","description_kind":"markdown","optional":true},"name":{"type":"string","description":"The name of cluster.","description_kind":"markdown","required":true},"platform_type":{"type":"string","description":"Platform type.","description_kind":"markdown","computed":true},"provider_type":{"type":"string","description":"Provider type.","description_kind":"markdown","computed":true}},"description":"This resource allows you to create and manage instance clusters for your GitLab instances.\nFor further information on clusters, consult the [gitlab\ndocumentation](https://docs.gitlab.com/ee/user/instance/clusters/).","description_kind":"markdown"}},"gitlab_instance_variable":{"version":0,"block":{"attributes":{"id":{"type":"string","description_kind":"plain","optional":true,"computed":true},"key":{"type":"string","description":"The name of the variable.","description_kind":"markdown","required":true},"masked":{"type":"bool","description":"If set to `true`, the value of the variable will be hidden in job logs. The value must meet the [masking requirements](https://docs.gitlab.com/ee/ci/variables/#masked-variable-requirements). Defaults to `false`.","description_kind":"markdown","optional":true},"protected":{"type":"bool","description":"If set to `true`, the variable will be passed only to pipelines running on protected branches and tags. Defaults to `false`.","description_kind":"markdown","optional":true},"value":{"type":"string","description":"The value of the variable.","description_kind":"markdown","required":true,"sensitive":true},"variable_type":{"type":"string","description":"The type of a variable. Available types are: env_var (default) and file.","description_kind":"markdown","optional":true}},"description":"This resource allows you to create and manage CI/CD variables for your GitLab instance.\nFor further information on variables, consult the [gitlab\ndocumentation](https://docs.gitlab.com/ee/api/instance_level_ci_variables.html).","description_kind":"markdown"}},"gitlab_label":{"version":0,"block":{"attributes":{"color":{"type":"string","description":"The color of the label given in 6-digit hex notation with leading '#' sign (e.g. #FFAABB) or one of the [CSS color names](https://developer.mozilla.org/en-US/docs/Web/CSS/color_value#Color_keywords).","description_kind":"markdown","required":true},"description":{"type":"string","description":"The description of the label.","description_kind":"markdown","optional":true},"id":{"type":"string","description_kind":"plain","optional":true,"computed":true},"name":{"type":"string","description":"The name of the label.","description_kind":"markdown","required":true},"project":{"type":"string","description":"The name or id of the project to add the label to.","description_kind":"markdown","required":true}},"description":"This resource allows you to create and manage labels for your GitLab projects.\nFor further information on labels, consult the [gitlab\ndocumentation](https://docs.gitlab.com/ee/user/project/labels.html#project-labels).","description_kind":"markdown"}},"gitlab_managed_license":{"version":0,"block":{"attributes":{"approval_status":{"type":"string","description":"Whether the license is approved or not. Only 'approved' or 'blacklisted' allowed.","description_kind":"markdown","required":true},"id":{"type":"string","description_kind":"plain","optional":true,"computed":true},"name":{"type":"string","description":"The name of the managed license (I.e., 'Apache License 2.0' or 'MIT license')","description_kind":"markdown","required":true},"project":{"type":"string","description":"The ID of the project under which the managed license will be created.","description_kind":"markdown","required":true}},"description":"This resource allows you to add rules for managing licenses on a project.\nFor additional information, please see the [gitlab documentation](https://docs.gitlab.com/ee/user/compliance/license_compliance/).\n\n~\u003e Using this resource requires an active [gitlab ultimate](https://about.gitlab.com/pricing/)subscription.","description_kind":"markdown"}},"gitlab_pipeline_schedule":{"version":0,"block":{"attributes":{"active":{"type":"bool","description":"The activation of pipeline schedule. If false is set, the pipeline schedule will deactivated initially.","description_kind":"markdown","optional":true},"cron":{"type":"string","description":"The cron (e.g. `0 1 * * *`).","description_kind":"markdown","required":true},"cron_timezone":{"type":"string","description":"The timezone.","description_kind":"markdown","optional":true},"description":{"type":"string","description":"The description of the pipeline schedule.","description_kind":"markdown","required":true},"id":{"type":"string","description_kind":"plain","optional":true,"computed":true},"project":{"type":"string","description":"The name or id of the project to add the schedule to.","description_kind":"markdown","required":true},"ref":{"type":"string","description":"The branch/tag name to be triggered.","description_kind":"markdown","required":true}},"description":"This resource allows you to create and manage pipeline schedules.\nFor further information on clusters, consult the [gitlab\ndocumentation](https://docs.gitlab.com/ce/user/project/pipelines/schedules.html).","description_kind":"markdown"}},"gitlab_pipeline_schedule_variable":{"version":0,"block":{"attributes":{"id":{"type":"string","description_kind":"plain","optional":true,"computed":true},"key":{"type":"string","description":"Name of the variable.","description_kind":"markdown","required":true},"pipeline_schedule_id":{"type":"number","description":"The id of the pipeline schedule.","description_kind":"markdown","required":true},"project":{"type":"string","description":"The id of the project to add the schedule to.","description_kind":"markdown","required":true},"value":{"type":"string","description":"Value of the variable.","description_kind":"markdown","required":true}},"description":"This resource allows you to create and manage variables for pipeline schedules.","description_kind":"markdown"}},"gitlab_pipeline_trigger":{"version":0,"block":{"attributes":{"description":{"type":"string","description":"The description of the pipeline trigger.","description_kind":"markdown","required":true},"id":{"type":"string","description_kind":"plain","optional":true,"computed":true},"project":{"type":"string","description":"The name or id of the project to add the trigger to.","description_kind":"markdown","required":true},"token":{"type":"string","description":"The pipeline trigger token.","description_kind":"markdown","computed":true}},"description":"This resource allows you to create and manage pipeline triggers","description_kind":"markdown"}},"gitlab_project":{"version":0,"block":{"attributes":{"allow_merge_on_skipped_pipeline":{"type":"bool","description":"Set to true if you want to treat skipped pipelines as if they finished with success.","description_kind":"markdown","optional":true},"approvals_before_merge":{"type":"number","description":"Number of merge request approvals required for merging. Default is 0.","description_kind":"markdown","optional":true},"archive_on_destroy":{"type":"bool","description":"Set to `true` to archive the project instead of deleting on destroy. If set to `true` it will entire omit the `DELETE` operation.","description_kind":"markdown","optional":true},"archived":{"type":"bool","description":"Whether the project is in read-only mode (archived). Repositories can be archived/unarchived by toggling this parameter.","description_kind":"markdown","optional":true},"build_coverage_regex":{"type":"string","description":"Test coverage parsing for the project.","description_kind":"markdown","optional":true},"ci_config_path":{"type":"string","description":"Custom Path to CI config file.","description_kind":"markdown","optional":true},"ci_forward_deployment_enabled":{"type":"bool","description":"When a new deployment job starts, skip older deployment jobs that are still pending.","description_kind":"markdown","optional":true},"container_registry_enabled":{"type":"bool","description":"Enable container registry for the project.","description_kind":"markdown","optional":true},"default_branch":{"type":"string","description":"The default branch for the project.","description_kind":"markdown","optional":true,"computed":true},"description":{"type":"string","description":"A description of the project.","description_kind":"markdown","optional":true},"group_with_project_templates_id":{"type":"number","description":"For group-level custom templates, specifies ID of group from which all the custom project templates are sourced. Leave empty for instance-level templates. Requires use_custom_template to be true (enterprise edition).","description_kind":"markdown","optional":true},"http_url_to_repo":{"type":"string","description":"URL that can be provided to `git clone` to clone the","description_kind":"markdown","computed":true},"id":{"type":"string","description_kind":"plain","optional":true,"computed":true},"import_url":{"type":"string","description":"Git URL to a repository to be imported.","description_kind":"markdown","optional":true},"initialize_with_readme":{"type":"bool","description":"Create main branch with first commit containing a README.md file.","description_kind":"markdown","optional":true},"issues_enabled":{"type":"bool","description":"Enable issue tracking for the project.","description_kind":"markdown","optional":true},"issues_template":{"type":"string","description":"Sets the template for new issues in the project.","description_kind":"markdown","optional":true},"lfs_enabled":{"type":"bool","description":"Enable LFS for the project.","description_kind":"markdown","optional":true},"merge_method":{"type":"string","description":"Set to `ff` to create fast-forward merges","description_kind":"markdown","optional":true},"merge_pipelines_enabled":{"type":"bool","description":"Enable or disable merge pipelines.","description_kind":"markdown","optional":true},"merge_requests_enabled":{"type":"bool","description":"Enable merge requests for the project.","description_kind":"markdown","optional":true},"merge_requests_template":{"type":"string","description":"Sets the template for new merge requests in the project.","description_kind":"markdown","optional":true},"merge_trains_enabled":{"type":"bool","description":"Enable or disable merge trains. Requires `merge_pipelines_enabled` to be set to `true` to take effect.","description_kind":"markdown","optional":true},"mirror":{"type":"bool","description":"Enable project pull mirror.","description_kind":"markdown","optional":true},"mirror_overwrites_diverged_branches":{"type":"bool","description":"Enable overwrite diverged branches for a mirrored project.","description_kind":"markdown","optional":true},"mirror_trigger_builds":{"type":"bool","description":"Enable trigger builds on pushes for a mirrored project.","description_kind":"markdown","optional":true},"name":{"type":"string","description":"The name of the project.","description_kind":"markdown","required":true},"namespace_id":{"type":"number","description":"The namespace (group or user) of the project. Defaults to your user.","description_kind":"markdown","optional":true,"computed":true},"only_allow_merge_if_all_discussions_are_resolved":{"type":"bool","description":"Set to true if you want allow merges only if all discussions are resolved.","description_kind":"markdown","optional":true},"only_allow_merge_if_pipeline_succeeds":{"type":"bool","description":"Set to true if you want allow merges only if a pipeline succeeds.","description_kind":"markdown","optional":true},"only_mirror_protected_branches":{"type":"bool","description":"Enable only mirror protected branches for a mirrored project.","description_kind":"markdown","optional":true},"packages_enabled":{"type":"bool","description":"Enable packages repository for the project.","description_kind":"markdown","optional":true},"pages_access_level":{"type":"string","description":"Enable pages access control","description_kind":"markdown","optional":true},"path":{"type":"string","description":"The path of the repository.","description_kind":"markdown","optional":true},"path_with_namespace":{"type":"string","description":"The path of the repository with namespace.","description_kind":"markdown","computed":true},"pipelines_enabled":{"type":"bool","description":"Enable pipelines for the project.","description_kind":"markdown","optional":true},"printing_merge_request_link_enabled":{"type":"bool","description":"Show link to create/view merge request when pushing from the command line","description_kind":"markdown","optional":true},"remove_source_branch_after_merge":{"type":"bool","description":"Enable `Delete source branch` option by default for all new merge requests.","description_kind":"markdown","optional":true},"request_access_enabled":{"type":"bool","description":"Allow users to request member access.","description_kind":"markdown","optional":true},"runners_token":{"type":"string","description":"Registration token to use during runner setup.","description_kind":"markdown","computed":true,"sensitive":true},"shared_runners_enabled":{"type":"bool","description":"Enable shared runners for this project.","description_kind":"markdown","optional":true,"computed":true},"snippets_enabled":{"type":"bool","description":"Enable snippets for the project.","description_kind":"markdown","optional":true},"squash_option":{"type":"string","description":"Squash commits when merge request. Valid values are `never`, `always`, `default_on`, or `default_off`. The default value is `default_off`. [GitLab \u003e= 14.1]","description_kind":"markdown","optional":true},"ssh_url_to_repo":{"type":"string","description":"URL that can be provided to `git clone` to clone the","description_kind":"markdown","computed":true},"tags":{"type":["set","string"],"description":"Tags (topics) of the project.","description_kind":"markdown","optional":true},"template_name":{"type":"string","description":"When used without use_custom_template, name of a built-in project template. When used with use_custom_template, name of a custom project template. This option is mutually exclusive with `template_project_id`.","description_kind":"markdown","optional":true},"template_project_id":{"type":"number","description":"When used with use_custom_template, project ID of a custom project template. This is preferable to using template_name since template_name may be ambiguous (enterprise edition). This option is mutually exclusive with `template_name`.","description_kind":"markdown","optional":true},"use_custom_template":{"type":"bool","description":"Use either custom instance or group (with group_with_project_templates_id) project template (enterprise edition).","description_kind":"markdown","optional":true},"visibility_level":{"type":"string","description":"Set to `public` to create a public project.","description_kind":"markdown","optional":true},"web_url":{"type":"string","description":"URL that can be used to find the project in a browser.","description_kind":"markdown","computed":true},"wiki_enabled":{"type":"bool","description":"Enable wiki for the project.","description_kind":"markdown","optional":true}},"block_types":{"push_rules":{"nesting_mode":"list","block":{"attributes":{"author_email_regex":{"type":"string","description":"All commit author emails must match this regex, e.g. `@my-company.com$`.","description_kind":"markdown","optional":true},"branch_name_regex":{"type":"string","description":"All branch names must match this regex, e.g. `(feature|hotfix)\\/*`.","description_kind":"markdown","optional":true},"commit_committer_check":{"type":"bool","description":"Users can only push commits to this repository that were committed with one of their own verified emails.","description_kind":"markdown","optional":true},"commit_message_negative_regex":{"type":"string","description":"No commit message is allowed to match this regex, for example `ssh\\:\\/\\/`.","description_kind":"markdown","optional":true},"commit_message_regex":{"type":"string","description":"All commit messages must match this regex, e.g. `Fixed \\d+\\..*`.","description_kind":"markdown","optional":true},"deny_delete_tag":{"type":"bool","description":"Deny deleting a tag.","description_kind":"markdown","optional":true},"file_name_regex":{"type":"string","description":"All commited filenames must not match this regex, e.g. `(jar|exe)$`.","description_kind":"markdown","optional":true},"max_file_size":{"type":"number","description":"Maximum file size (MB).","description_kind":"markdown","optional":true},"member_check":{"type":"bool","description":"Restrict commits by author (email) to existing GitLab users.","description_kind":"markdown","optional":true},"prevent_secrets":{"type":"bool","description":"GitLab will reject any files that are likely to contain secrets.","description_kind":"markdown","optional":true},"reject_unsigned_commits":{"type":"bool","description":"Reject commit when it’s not signed through GPG.","description_kind":"markdown","optional":true}},"description":"Push rules for the project.","description_kind":"markdown"},"max_items":1}},"description":"This resource allows you to create and manage projects within your GitLab group or within your user.","description_kind":"markdown"}},"gitlab_project_access_token":{"version":0,"block":{"attributes":{"active":{"type":"bool","description":"True if the token is active.","description_kind":"markdown","computed":true},"created_at":{"type":"string","description":"Time the token has been created, RFC3339 format.","description_kind":"markdown","computed":true},"expires_at":{"type":"string","description":"Time the token will expire it, YYYY-MM-DD format. Will not expire per default.","description_kind":"markdown","optional":true},"id":{"type":"string","description_kind":"plain","optional":true,"computed":true},"name":{"type":"string","description":"A name to describe the project access token.","description_kind":"markdown","required":true},"project":{"type":"string","description":"The id of the project to add the project access token to.","description_kind":"markdown","required":true},"revoked":{"type":"bool","description":"True if the token is revoked.","description_kind":"markdown","computed":true},"scopes":{"type":["set","string"],"description":"Valid values: `api`, `read_api`, `read_repository`, `write_repository`.","description_kind":"markdown","required":true},"token":{"type":"string","description":"The secret token. This is only populated when creating a new project access token.","description_kind":"markdown","computed":true,"sensitive":true},"user_id":{"type":"number","description":"The user_id associated to the token.","description_kind":"markdown","computed":true}},"description":"This resource allows you to create and manage Project Access Token for your GitLab projects.","description_kind":"markdown"}},"gitlab_project_approval_rule":{"version":0,"block":{"attributes":{"approvals_required":{"type":"number","description":"The number of approvals required for this rule.","description_kind":"markdown","required":true},"group_ids":{"type":["set","number"],"description":"A list of group IDs whose members can approve of the merge request.","description_kind":"markdown","optional":true},"id":{"type":"string","description_kind":"plain","optional":true,"computed":true},"name":{"type":"string","description":"The name of the approval rule.","description_kind":"markdown","required":true},"project":{"type":"string","description":"The name or id of the project to add the approval rules.","description_kind":"markdown","required":true},"protected_branch_ids":{"type":["set","number"],"description":"A list of protected branch IDs (not branch names) for which the rule applies.","description_kind":"markdown","optional":true},"user_ids":{"type":["set","number"],"description":"A list of specific User IDs to add to the list of approvers.","description_kind":"markdown","optional":true}},"description":"This resource allows you to create and manage multiple approval rules for your GitLab projects. For further information on approval rules, consult the [gitlab documentation](https://docs.gitlab.com/ee/api/merge_request_approvals.html#project-level-mr-approvals).\n\n-\u003e This feature requires GitLab Premium.","description_kind":"markdown"}},"gitlab_project_badge":{"version":0,"block":{"attributes":{"id":{"type":"string","description_kind":"plain","optional":true,"computed":true},"image_url":{"type":"string","description":"The image url which will be presented on project overview.","description_kind":"markdown","required":true},"link_url":{"type":"string","description":"The url linked with the badge.","description_kind":"markdown","required":true},"project":{"type":"string","description":"The id of the project to add the badge to.","description_kind":"markdown","required":true},"rendered_image_url":{"type":"string","description":"The image_url argument rendered (in case of use of placeholders).","description_kind":"markdown","computed":true},"rendered_link_url":{"type":"string","description":"The link_url argument rendered (in case of use of placeholders).","description_kind":"markdown","computed":true}},"description":"This resource allows you to create and manage badges for your GitLab projects.\nFor further information consult the [gitlab\ndocumentation](https://docs.gitlab.com/ce/user/project/badges.html).","description_kind":"markdown"}},"gitlab_project_cluster":{"version":0,"block":{"attributes":{"cluster_type":{"type":"string","description":"Cluster type.","description_kind":"markdown","computed":true},"created_at":{"type":"string","description":"Create time.","description_kind":"markdown","computed":true},"domain":{"type":"string","description":"The base domain of the cluster.","description_kind":"markdown","optional":true},"enabled":{"type":"bool","description":"Determines if cluster is active or not. Defaults to `true`. This attribute cannot be read.","description_kind":"markdown","optional":true},"environment_scope":{"type":"string","description":"The associated environment to the cluster. Defaults to `*`.","description_kind":"markdown","optional":true},"id":{"type":"string","description_kind":"plain","optional":true,"computed":true},"kubernetes_api_url":{"type":"string","description":"The URL to access the Kubernetes API.","description_kind":"markdown","required":true},"kubernetes_authorization_type":{"type":"string","description":"The cluster authorization type. Valid values are `rbac`, `abac`, `unknown_authorization`. Defaults to `rbac`.","description_kind":"markdown","optional":true},"kubernetes_ca_cert":{"type":"string","description":"TLS certificate (needed if API is using a self-signed TLS certificate).","description_kind":"markdown","optional":true},"kubernetes_namespace":{"type":"string","description":"The unique namespace related to the project.","description_kind":"markdown","optional":true},"kubernetes_token":{"type":"string","description":"The token to authenticate against Kubernetes.","description_kind":"markdown","required":true,"sensitive":true},"managed":{"type":"bool","description":"Determines if cluster is managed by gitlab or not. Defaults to `true`. This attribute cannot be read.","description_kind":"markdown","optional":true},"management_project_id":{"type":"string","description":"The ID of the management project for the cluster.","description_kind":"markdown","optional":true},"name":{"type":"string","description":"The name of cluster.","description_kind":"markdown","required":true},"platform_type":{"type":"string","description":"Platform type.","description_kind":"markdown","computed":true},"project":{"type":"string","description":"The id of the project to add the cluster to.","description_kind":"markdown","required":true},"provider_type":{"type":"string","description":"Provider type.","description_kind":"markdown","computed":true}},"description":"This resource allows you to create and manage project clusters for your GitLab projects.\nFor further information on clusters, consult the [gitlab\ndocumentation](https://docs.gitlab.com/ce/user/project/clusters/index.html).","description_kind":"markdown"}},"gitlab_project_custom_attribute":{"version":0,"block":{"attributes":{"id":{"type":"string","description_kind":"plain","optional":true,"computed":true},"key":{"type":"string","description":"Key for the Custom Attribute.","description_kind":"markdown","required":true},"project":{"type":"number","description":"The id of the project.","description_kind":"markdown","required":true},"value":{"type":"string","description":"Value for the Custom Attribute.","description_kind":"markdown","required":true}},"description":"This resource allows you to set custom attributes for a project.","description_kind":"markdown"}},"gitlab_project_freeze_period":{"version":0,"block":{"attributes":{"cron_timezone":{"type":"string","description":"The timezone.","description_kind":"markdown","optional":true},"freeze_end":{"type":"string","description":"End of the Freeze Period in cron format (e.g. `0 2 * * *`).","description_kind":"markdown","required":true},"freeze_start":{"type":"string","description":"Start of the Freeze Period in cron format (e.g. `0 1 * * *`).","description_kind":"markdown","required":true},"id":{"type":"string","description_kind":"plain","optional":true,"computed":true},"project_id":{"type":"string","description":"The id of the project to add the schedule to.","description_kind":"markdown","required":true}},"description":"This resource allows you to create and manage freeze periods. For further information on freeze periods, consult the [gitlab documentation](https://docs.gitlab.com/ee/api/freeze_periods.html#create-a-freeze-period).","description_kind":"markdown"}},"gitlab_project_hook":{"version":0,"block":{"attributes":{"confidential_issues_events":{"type":"bool","description":"Invoke the hook for confidential issues events.","description_kind":"markdown","optional":true},"confidential_note_events":{"type":"bool","description":"Invoke the hook for confidential notes events.","description_kind":"markdown","optional":true},"deployment_events":{"type":"bool","description":"Invoke the hook for deployment events.","description_kind":"markdown","optional":true},"enable_ssl_verification":{"type":"bool","description":"Enable ssl verification when invoking the hook.","description_kind":"markdown","optional":true},"id":{"type":"string","description_kind":"plain","optional":true,"computed":true},"issues_events":{"type":"bool","description":"Invoke the hook for issues events.","description_kind":"markdown","optional":true},"job_events":{"type":"bool","description":"Invoke the hook for job events.","description_kind":"markdown","optional":true},"merge_requests_events":{"type":"bool","description":"Invoke the hook for merge requests.","description_kind":"markdown","optional":true},"note_events":{"type":"bool","description":"Invoke the hook for notes events.","description_kind":"markdown","optional":true},"pipeline_events":{"type":"bool","description":"Invoke the hook for pipeline events.","description_kind":"markdown","optional":true},"project":{"type":"string","description":"The name or id of the project to add the hook to.","description_kind":"markdown","required":true},"push_events":{"type":"bool","description":"Invoke the hook for push events.","description_kind":"markdown","optional":true},"push_events_branch_filter":{"type":"string","description":"Invoke the hook for push events on matching branches only.","description_kind":"markdown","optional":true},"releases_events":{"type":"bool","description":"Invoke the hook for releases events.","description_kind":"markdown","optional":true},"tag_push_events":{"type":"bool","description":"Invoke the hook for tag push events.","description_kind":"markdown","optional":true},"token":{"type":"string","description":"A token to present when invoking the hook.","description_kind":"markdown","optional":true,"sensitive":true},"url":{"type":"string","description":"The url of the hook to invoke.","description_kind":"markdown","required":true},"wiki_page_events":{"type":"bool","description":"Invoke the hook for wiki page events.","description_kind":"markdown","optional":true}},"description":"This resource allows you to create and manage hooks for your GitLab projects.\nFor further information on hooks, consult the [gitlab\ndocumentation](https://docs.gitlab.com/ce/user/project/integrations/webhooks.html).","description_kind":"markdown"}},"gitlab_project_level_mr_approvals":{"version":0,"block":{"attributes":{"disable_overriding_approvers_per_merge_request":{"type":"bool","description":"By default, users are able to edit the approval rules in merge requests. If set to true,","description_kind":"markdown","optional":true},"id":{"type":"string","description_kind":"plain","optional":true,"computed":true},"merge_requests_author_approval":{"type":"bool","description":"Set to `true` if you want to allow merge request authors to self-approve merge requests. Authors","description_kind":"markdown","optional":true},"merge_requests_disable_committers_approval":{"type":"bool","description":"Set to `true` if you want to prevent approval of merge requests by merge request committers.","description_kind":"markdown","optional":true},"project_id":{"type":"number","description":"The ID of the project to change MR approval configuration.","description_kind":"markdown","required":true},"require_password_to_approve":{"type":"bool","description":"Set to `true` if you want to require authentication when approving a merge request.","description_kind":"markdown","optional":true},"reset_approvals_on_push":{"type":"bool","description":"Set to `true` if you want to remove all approvals in a merge request when new commits are pushed to its source branch. Default is `true`.","description_kind":"markdown","optional":true}},"description":"This resource allows you to configure project-level MR approvals. for your GitLab projects.\nFor further information on merge request approvals, consult the [GitLab API documentation](https://docs.gitlab.com/ee/api/merge_request_approvals.html#project-level-mr-approvals).","description_kind":"markdown"}},"gitlab_project_membership":{"version":0,"block":{"attributes":{"access_level":{"type":"string","description":"The access level for the member. Valid values are: `no one`, `minimal`, `guest`, `reporter`, `developer`, `maintainer`, `master`","description_kind":"markdown","required":true},"id":{"type":"string","description_kind":"plain","optional":true,"computed":true},"project_id":{"type":"string","description":"The id of the project.","description_kind":"markdown","required":true},"user_id":{"type":"number","description":"The id of the user.","description_kind":"markdown","required":true}},"description":"This resource allows you to add a current user to an existing project with a set access level.","description_kind":"markdown"}},"gitlab_project_mirror":{"version":0,"block":{"attributes":{"enabled":{"type":"bool","description":"Determines if the mirror is enabled.","description_kind":"markdown","optional":true},"id":{"type":"string","description_kind":"plain","optional":true,"computed":true},"keep_divergent_refs":{"type":"bool","description":"Determines if divergent refs are skipped.","description_kind":"markdown","optional":true},"mirror_id":{"type":"number","description":"Mirror ID.","description_kind":"markdown","computed":true},"only_protected_branches":{"type":"bool","description":"Determines if only protected branches are mirrored.","description_kind":"markdown","optional":true},"project":{"type":"string","description":"The id of the project.","description_kind":"markdown","required":true},"url":{"type":"string","description":"The URL of the remote repository to be mirrored.","description_kind":"markdown","required":true,"sensitive":true}},"description":"This resource allows you to add a mirror target for the repository, all changes will be synced to the remote target.\n\n-\u003e This is for *pushing* changes to a remote repository. *Pull Mirroring* can be configured using a combination of the\n`import_url`, `mirror`, and `mirror_trigger_builds` properties on the `gitlab_project` resource.\n\nFor further information on mirroring, consult the\n[gitlab documentation](https://docs.gitlab.com/ee/user/project/repository/repository_mirroring.html#repository-mirroring).","description_kind":"markdown"}},"gitlab_project_share_group":{"version":1,"block":{"attributes":{"access_level":{"type":"string","description":"The access level to grant the group for the project. Valid values are: `no one`, `minimal`, `guest`, `reporter`, `developer`, `maintainer`, `master`","description_kind":"markdown","deprecated":true,"optional":true},"group_access":{"type":"string","description":"The access level to grant the group for the project. Valid values are: `no one`, `minimal`, `guest`, `reporter`, `developer`, `maintainer`, `master`","description_kind":"markdown","optional":true},"group_id":{"type":"number","description":"The id of the group.","description_kind":"markdown","required":true},"id":{"type":"string","description_kind":"plain","optional":true,"computed":true},"project_id":{"type":"string","description":"The id of the project.","description_kind":"markdown","required":true}},"description":"This resource allows you to share a project with a group","description_kind":"markdown"}},"gitlab_project_variable":{"version":0,"block":{"attributes":{"environment_scope":{"type":"string","description":"The environment_scope of the variable. Defaults to `*`.","description_kind":"markdown","optional":true},"id":{"type":"string","description_kind":"plain","optional":true,"computed":true},"key":{"type":"string","description":"The name of the variable.","description_kind":"markdown","required":true},"masked":{"type":"bool","description":"If set to `true`, the variable will be masked if it would have been written to the logs. Defaults to `false`.","description_kind":"markdown","optional":true},"project":{"type":"string","description":"The name or id of the project.","description_kind":"markdown","required":true},"protected":{"type":"bool","description":"If set to `true`, the variable will be passed only to pipelines running on protected branches and tags. Defaults to `false`.","description_kind":"markdown","optional":true},"value":{"type":"string","description":"The value of the variable.","description_kind":"markdown","required":true,"sensitive":true},"variable_type":{"type":"string","description":"The type of a variable. Available types are: env_var (default) and file.","description_kind":"markdown","optional":true}},"description":"This resource allows you to create and manage CI/CD variables for your GitLab projects.\nFor further information on variables, consult the [gitlab\ndocumentation](https://docs.gitlab.com/ce/ci/variables/README.html#variables).\n\n~\u003e **Important:** If your GitLab version is older than 13.4, you may see nondeterministic behavior\nwhen updating or deleting `gitlab_project_variable` resources with non-unique keys, for example if\nthere is another variable with the same key and different environment scope. See\n[this GitLab issue](https://gitlab.com/gitlab-org/gitlab/-/issues/9912).","description_kind":"markdown"}},"gitlab_repository_file":{"version":0,"block":{"attributes":{"author_email":{"type":"string","description":"Email of the commit author.","description_kind":"markdown","optional":true},"author_name":{"type":"string","description":"Name of the commit author.","description_kind":"markdown","optional":true},"branch":{"type":"string","description":"Name of the branch to which to commit to.","description_kind":"markdown","required":true},"commit_message":{"type":"string","description":"Commit message.","description_kind":"markdown","required":true},"content":{"type":"string","description":"base64 encoded file content. No other encoding is currently supported, because of a [GitLab API bug](https://gitlab.com/gitlab-org/gitlab/-/issues/342430).","description_kind":"markdown","required":true},"encoding":{"type":"string","description":"Content encoding.","description_kind":"markdown","computed":true},"file_path":{"type":"string","description":"The full path of the file. It must be relative to the root of the project without a leading slash `/`.","description_kind":"markdown","required":true},"id":{"type":"string","description_kind":"plain","optional":true,"computed":true},"project":{"type":"string","description":"The ID of the project.","description_kind":"markdown","required":true},"start_branch":{"type":"string","description":"Name of the branch to start the new commit from.","description_kind":"markdown","optional":true}},"description":"This resource allows you to create and manage GitLab repository files.\n\n**Limitations**:\n\nThe [GitLab Repository Files API](https://docs.gitlab.com/ee/api/repository_files.html)\ncan only create, update or delete a single file at the time.\nThe API will also\n[fail with a `400`](https://docs.gitlab.com/ee/api/repository_files.html#update-existing-file-in-repository)\nresponse status code if the underlying repository is changed while the API tries to make changes.\nTherefore, it's recommended to make sure that you execute it with\n[`-parallelism=1`](https://www.terraform.io/docs/cli/commands/apply.html#parallelism-n)\nand that no other entity than the terraform at hand makes changes to the\nunderlying repository while it's executing.","description_kind":"markdown"}},"gitlab_service_github":{"version":0,"block":{"attributes":{"active":{"type":"bool","description":"Whether the integration is active.","description_kind":"markdown","computed":true},"created_at":{"type":"string","description":"Create time.","description_kind":"markdown","computed":true},"id":{"type":"string","description_kind":"plain","optional":true,"computed":true},"project":{"type":"string","description":"ID of the project you want to activate integration on.","description_kind":"markdown","required":true},"repository_url":{"type":"string","description":"The URL of the GitHub repo to integrate with, e,g, https://github.com/gitlabhq/terraform-provider-gitlab.","description_kind":"markdown","required":true},"static_context":{"type":"bool","description":"Append instance name instead of branch to the status. Must enable to set a GitLab status check as _required_ in GitHub. See [Static / dynamic status check names] to learn more.","description_kind":"markdown","optional":true},"title":{"type":"string","description":"Title.","description_kind":"markdown","computed":true},"token":{"type":"string","description":"A GitHub personal access token with at least `repo:status` scope.","description_kind":"markdown","required":true,"sensitive":true},"updated_at":{"type":"string","description":"Update time.","description_kind":"markdown","computed":true}},"description":"**NOTE**: requires either EE (self-hosted) or Silver and above (GitLab.com).\n\nThis resource manages a [GitHub integration](https://docs.gitlab.com/ee/user/project/integrations/github.html) that updates pipeline statuses on a GitHub repo's pull requests.","description_kind":"markdown"}},"gitlab_service_jira":{"version":0,"block":{"attributes":{"active":{"type":"bool","description":"Whether the integration is active.","description_kind":"markdown","computed":true},"api_url":{"type":"string","description":"The base URL to the Jira instance API. Web URL value is used if not set. For example, https://jira-api.example.com.","description_kind":"markdown","optional":true,"computed":true},"comment_on_event_enabled":{"type":"bool","description":"Enable comments inside Jira issues on each GitLab event (commit / merge request)","description_kind":"markdown","optional":true,"computed":true},"commit_events":{"type":"bool","description":"Enable notifications for commit events","description_kind":"markdown","optional":true,"computed":true},"created_at":{"type":"string","description":"Create time.","description_kind":"markdown","computed":true},"id":{"type":"string","description_kind":"plain","optional":true,"computed":true},"issues_events":{"type":"bool","description":"Enable notifications for issues events.","description_kind":"markdown","optional":true,"computed":true},"jira_issue_transition_id":{"type":"string","description":"The ID of a transition that moves issues to a closed state. You can find this number under the JIRA workflow administration (Administration \u003e Issues \u003e Workflows) by selecting View under Operations of the desired workflow of your project. By default, this ID is set to 2.","description_kind":"markdown","optional":true},"job_events":{"type":"bool","description":"Enable notifications for job events.","description_kind":"markdown","optional":true,"computed":true},"merge_requests_events":{"type":"bool","description":"Enable notifications for merge request events","description_kind":"markdown","optional":true,"computed":true},"note_events":{"type":"bool","description":"Enable notifications for note events.","description_kind":"markdown","optional":true,"computed":true},"password":{"type":"string","description":"The password of the user created to be used with GitLab/JIRA.","description_kind":"markdown","required":true,"sensitive":true},"pipeline_events":{"type":"bool","description":"Enable notifications for pipeline events.","description_kind":"markdown","optional":true,"computed":true},"project":{"type":"string","description":"ID of the project you want to activate integration on.","description_kind":"markdown","required":true},"project_key":{"type":"string","description":"The short identifier for your JIRA project, all uppercase, e.g., PROJ.","description_kind":"markdown","optional":true},"push_events":{"type":"bool","description":"Enable notifications for push events.","description_kind":"markdown","optional":true,"computed":true},"tag_push_events":{"type":"bool","description":"Enable notifications for tag_push events.","description_kind":"markdown","optional":true,"computed":true},"title":{"type":"string","description":"Title.","description_kind":"markdown","computed":true},"updated_at":{"type":"string","description":"Update time.","description_kind":"markdown","computed":true},"url":{"type":"string","description":"The URL to the JIRA project which is being linked to this GitLab project. For example, https://jira.example.com.","description_kind":"markdown","required":true},"username":{"type":"string","description":"The username of the user created to be used with GitLab/JIRA.","description_kind":"markdown","required":true}},"description":"This resource allows you to manage Jira integration.","description_kind":"markdown"}},"gitlab_service_microsoft_teams":{"version":0,"block":{"attributes":{"active":{"type":"bool","description":"Whether the integration is active.","description_kind":"markdown","computed":true},"branches_to_be_notified":{"type":"string","description":"Branches to send notifications for. Valid options are “all”, “default”, “protected”, and “default_and_protected”. The default value is “default”","description_kind":"markdown","optional":true},"confidential_issues_events":{"type":"bool","description":"Enable notifications for confidential issue events","description_kind":"markdown","optional":true},"confidential_note_events":{"type":"bool","description":"Enable notifications for confidential note events","description_kind":"markdown","optional":true},"created_at":{"type":"string","description":"Create time.","description_kind":"markdown","computed":true},"id":{"type":"string","description_kind":"plain","optional":true,"computed":true},"issues_events":{"type":"bool","description":"Enable notifications for issue events","description_kind":"markdown","optional":true},"merge_requests_events":{"type":"bool","description":"Enable notifications for merge request events","description_kind":"markdown","optional":true},"note_events":{"type":"bool","description":"Enable notifications for note events","description_kind":"markdown","optional":true},"notify_only_broken_pipelines":{"type":"bool","description":"Send notifications for broken pipelines","description_kind":"markdown","optional":true},"pipeline_events":{"type":"bool","description":"Enable notifications for pipeline events","description_kind":"markdown","optional":true},"project":{"type":"string","description":"ID of the project you want to activate integration on.","description_kind":"markdown","required":true},"push_events":{"type":"bool","description":"Enable notifications for push events","description_kind":"markdown","optional":true},"tag_push_events":{"type":"bool","description":"Enable notifications for tag push events","description_kind":"markdown","optional":true},"updated_at":{"type":"string","description":"Update time.","description_kind":"markdown","computed":true},"webhook":{"type":"string","description":"The Microsoft Teams webhook. For example, https://outlook.office.com/webhook/...","description_kind":"markdown","required":true},"wiki_page_events":{"type":"bool","description":"Enable notifications for wiki page events","description_kind":"markdown","optional":true}},"description":"This resource allows you to manage Microsoft Teams integration.","description_kind":"markdown"}},"gitlab_service_pipelines_email":{"version":0,"block":{"attributes":{"branches_to_be_notified":{"type":"string","description":"Branches to send notifications for. Valid options are `all`, `default`, `protected`, and `default_and_protected`. Default is `default`","description_kind":"markdown","optional":true},"id":{"type":"string","description_kind":"plain","optional":true,"computed":true},"notify_only_broken_pipelines":{"type":"bool","description":"Notify only broken pipelines. Default is true.","description_kind":"markdown","optional":true},"project":{"type":"string","description":"ID of the project you want to activate integration on.","description_kind":"markdown","required":true},"recipients":{"type":["set","string"],"description":") email addresses where notifications are sent.","description_kind":"markdown","required":true}},"description":"This resource manages a [Pipelines email integration](https://docs.gitlab.com/ee/user/project/integrations/overview.html#integrations-listing) that emails the pipeline status to a list of recipients.","description_kind":"markdown"}},"gitlab_service_slack":{"version":0,"block":{"attributes":{"branches_to_be_notified":{"type":"string","description":"Branches to send notifications for. Valid options are \"all\", \"default\", \"protected\", and \"default_and_protected\".","description_kind":"markdown","optional":true,"computed":true},"confidential_issue_channel":{"type":"string","description":"The name of the channel to receive confidential issue events notifications.","description_kind":"markdown","optional":true},"confidential_issues_events":{"type":"bool","description":"Enable notifications for confidential issues events.","description_kind":"markdown","optional":true,"computed":true},"confidential_note_events":{"type":"bool","description":"Enable notifications for confidential note events.","description_kind":"markdown","optional":true,"computed":true},"id":{"type":"string","description_kind":"plain","optional":true,"computed":true},"issue_channel":{"type":"string","description":"The name of the channel to receive issue events notifications.","description_kind":"markdown","optional":true},"issues_events":{"type":"bool","description":"Enable notifications for issues events.","description_kind":"markdown","optional":true,"computed":true},"job_events":{"type":"bool","description":"Enable notifications for job events. **ATTENTION**: This attribute is currently not being submitted to the GitLab API, due to https://github.com/xanzy/go-gitlab/issues/1354.","description_kind":"markdown","computed":true},"merge_request_channel":{"type":"string","description":"The name of the channel to receive merge request events notifications.","description_kind":"markdown","optional":true},"merge_requests_events":{"type":"bool","description":"Enable notifications for merge requests events.","description_kind":"markdown","optional":true,"computed":true},"note_channel":{"type":"string","description":"The name of the channel to receive note events notifications.","description_kind":"markdown","optional":true},"note_events":{"type":"bool","description":"Enable notifications for note events.","description_kind":"markdown","optional":true,"computed":true},"notify_only_broken_pipelines":{"type":"bool","description":"Send notifications for broken pipelines.","description_kind":"markdown","optional":true,"computed":true},"notify_only_default_branch":{"type":"bool","description":"This parameter has been replaced with `branches_to_be_notified`.","description_kind":"markdown","deprecated":true,"optional":true,"computed":true},"pipeline_channel":{"type":"string","description":"The name of the channel to receive pipeline events notifications.","description_kind":"markdown","optional":true},"pipeline_events":{"type":"bool","description":"Enable notifications for pipeline events.","description_kind":"markdown","optional":true,"computed":true},"project":{"type":"string","description":"ID of the project you want to activate integration on.","description_kind":"markdown","required":true},"push_channel":{"type":"string","description":"The name of the channel to receive push events notifications.","description_kind":"markdown","optional":true},"push_events":{"type":"bool","description":"Enable notifications for push events.","description_kind":"markdown","optional":true,"computed":true},"tag_push_channel":{"type":"string","description":"The name of the channel to receive tag push events notifications.","description_kind":"markdown","optional":true},"tag_push_events":{"type":"bool","description":"Enable notifications for tag push events.","description_kind":"markdown","optional":true,"computed":true},"username":{"type":"string","description":"Username to use.","description_kind":"markdown","optional":true},"webhook":{"type":"string","description":"Webhook URL (ex.: https://hooks.slack.com/services/...)","description_kind":"markdown","required":true},"wiki_page_channel":{"type":"string","description":"The name of the channel to receive wiki page events notifications.","description_kind":"markdown","optional":true},"wiki_page_events":{"type":"bool","description":"Enable notifications for wiki page events.","description_kind":"markdown","optional":true,"computed":true}},"description":"This resource allows you to manage Slack notifications integration.","description_kind":"markdown"}},"gitlab_tag_protection":{"version":0,"block":{"attributes":{"create_access_level":{"type":"string","description":"Access levels which are allowed to create. Valid values are: `no one`, `developer`, `maintainer`.","description_kind":"markdown","required":true},"id":{"type":"string","description_kind":"plain","optional":true,"computed":true},"project":{"type":"string","description":"The id of the project.","description_kind":"markdown","required":true},"tag":{"type":"string","description":"Name of the tag or wildcard.","description_kind":"markdown","required":true}},"description":"This resource allows you to protect a specific tag or wildcard by an access level so that the user with less access level cannot Create the tags.","description_kind":"markdown"}},"gitlab_topic":{"version":0,"block":{"attributes":{"description":{"type":"string","description":"A text describing the topic","description_kind":"markdown","optional":true},"id":{"type":"string","description_kind":"plain","optional":true,"computed":true},"name":{"type":"string","description":"The topic's name","description_kind":"markdown","required":true},"soft_destroy":{"type":"bool","description":"Empty the topics fields instead of deleting it","description_kind":"markdown","required":true}},"description":"This resource allows you to create and manage topics that are then assignable to projects. Topics are the successors for project tags. Aside from avoiding terminology collisions with Git tags, they are more descriptive and better searchable.  \n\nFor assigning topics, use the [project](./project.md) resource.\n\n~\u003e Deleting a resource doesn't delete the corresponding topic as the GitLab API doesn't support deleting topics yet. You can set soft_destroy to true if you want the topics description to be emptied instead.","description_kind":"markdown"}},"gitlab_user":{"version":0,"block":{"attributes":{"can_create_group":{"type":"bool","description":"Boolean, defaults to false. Whether to allow the user to create groups.","description_kind":"markdown","optional":true},"email":{"type":"string","description":"The e-mail address of the user.","description_kind":"markdown","required":true},"id":{"type":"string","description_kind":"plain","optional":true,"computed":true},"is_admin":{"type":"bool","description":"Boolean, defaults to false.  Whether to enable administrative privileges","description_kind":"markdown","optional":true},"is_external":{"type":"bool","description":"Boolean, defaults to false. Whether a user has access only to some internal or private projects. External users can only access projects to which they are explicitly granted access.","description_kind":"markdown","optional":true},"name":{"type":"string","description":"The name of the user.","description_kind":"markdown","required":true},"note":{"type":"string","description":"The note associated to the user.","description_kind":"markdown","optional":true},"password":{"type":"string","description":"The password of the user.","description_kind":"markdown","optional":true,"sensitive":true},"projects_limit":{"type":"number","description":"Integer, defaults to 0.  Number of projects user can create.","description_kind":"markdown","optional":true},"reset_password":{"type":"bool","description":"Boolean, defaults to false. Send user password reset link.","description_kind":"markdown","optional":true},"skip_confirmation":{"type":"bool","description":"Boolean, defaults to true. Whether to skip confirmation.","description_kind":"markdown","optional":true},"state":{"type":"string","description":"String, defaults to 'active'. The state of the user account. Valid values are `active`, `deactivated`, `blocked`.","description_kind":"markdown","optional":true},"username":{"type":"string","description":"The username of the user.","description_kind":"markdown","required":true}},"description":"This resource allows you to create and manage GitLab users.\nNote your provider will need to be configured with admin-level access for this resource to work.\n\n-\u003e You must specify either `password` or `reset_password`.","description_kind":"markdown"}},"gitlab_user_custom_attribute":{"version":0,"block":{"attributes":{"id":{"type":"string","description_kind":"plain","optional":true,"computed":true},"key":{"type":"string","description":"Key for the Custom Attribute.","description_kind":"markdown","required":true},"user":{"type":"number","description":"The id of the user.","description_kind":"markdown","required":true},"value":{"type":"string","description":"Value for the Custom Attribute.","description_kind":"markdown","required":true}},"description":"This resource allows you to set custom attributes for a user.","description_kind":"markdown"}},"gitlab_user_sshkey":{"version":0,"block":{"attributes":{"created_at":{"type":"string","description":"The time when this key was created in GitLab.","description_kind":"markdown","computed":true},"expires_at":{"type":"string","description":"The expiration date of the SSH key in ISO 8601 format (YYYY-MM-DDTHH:MM:SSZ)","description_kind":"markdown","optional":true},"id":{"type":"string","description_kind":"plain","optional":true,"computed":true},"key":{"type":"string","description":"The ssh key. The SSH key `comment` (trailing part) is optional and ignored for diffing, because GitLab overrides it with the username and GitLab hostname.","description_kind":"markdown","required":true},"key_id":{"type":"number","description":"The ID of the ssh key.","description_kind":"markdown","computed":true},"title":{"type":"string","description":"The title of the ssh key.","description_kind":"markdown","required":true},"user_id":{"type":"number","description":"The ID of the user to add the ssh key to.","description_kind":"markdown","required":true}},"description":"This resource allows to manage GitLab user SSH keys.\n\n**Upstream API**: [GitLab API docs](https://docs.gitlab.com/ee/api/users.html#single-ssh-key)","description_kind":"markdown"}}},"data_source_schemas":{"gitlab_branch":{"version":0,"block":{"attributes":{"can_push":{"type":"bool","description":"Bool, true if you can push to the branch.","description_kind":"markdown","computed":true},"commit":{"type":["set",["object",{"author_email":"string","author_name":"string","authored_date":"string","committed_date":"string","committer_email":"string","committer_name":"string","id":"string","message":"string","parent_ids":["set","string"],"short_id":"string","title":"string"}]],"description":"The commit associated with the branch ref.","description_kind":"markdown","computed":true},"default":{"type":"bool","description":"Bool, true if branch is the default branch for the project.","description_kind":"markdown","computed":true},"developer_can_merge":{"type":"bool","description":"Bool, true if developer level access allows to merge branch.","description_kind":"markdown","computed":true},"developer_can_push":{"type":"bool","description":"Bool, true if developer level access allows git push.","description_kind":"markdown","computed":true},"id":{"type":"string","description_kind":"plain","optional":true,"computed":true},"merged":{"type":"bool","description":"Bool, true if the branch has been merged into it's parent.","description_kind":"markdown","computed":true},"name":{"type":"string","description":"The name of the branch.","description_kind":"markdown","required":true},"project":{"type":"string","description":"The full path or id of the project.","description_kind":"markdown","required":true},"protected":{"type":"bool","description":"Bool, true if branch has branch protection.","description_kind":"markdown","computed":true},"web_url":{"type":"string","description":"The url of the created branch (https.)","description_kind":"markdown","computed":true}},"description":"Provide details about a gitlab project branch","description_kind":"markdown"}},"gitlab_group":{"version":0,"block":{"attributes":{"default_branch_protection":{"type":"number","description":"Whether developers and maintainers can push to the applicable default branch.","description_kind":"markdown","computed":true},"description":{"type":"string","description":"The description of the group.","description_kind":"markdown","computed":true},"full_name":{"type":"string","description":"The full name of the group.","description_kind":"markdown","computed":true},"full_path":{"type":"string","description":"The full path of the group.","description_kind":"markdown","optional":true,"computed":true},"group_id":{"type":"number","description":"The ID of the group.","description_kind":"markdown","optional":true,"computed":true},"id":{"type":"string","description_kind":"plain","optional":true,"computed":true},"lfs_enabled":{"type":"bool","description":"Boolean, is LFS enabled for projects in this group.","description_kind":"markdown","computed":true},"name":{"type":"string","description":"The name of this group.","description_kind":"markdown","computed":true},"parent_id":{"type":"number","description":"Integer, ID of the parent group.","description_kind":"markdown","computed":true},"path":{"type":"string","description":"The path of the group.","description_kind":"markdown","computed":true},"request_access_enabled":{"type":"bool","description":"Boolean, is request for access enabled to the group.","description_kind":"markdown","computed":true},"runners_token":{"type":"string","description":"The group level registration token to use during runner setup.","description_kind":"markdown","computed":true,"sensitive":true},"visibility_level":{"type":"string","description":"Visibility level of the group. Possible values are `private`, `internal`, `public`.","description_kind":"markdown","computed":true},"web_url":{"type":"string","description":"Web URL of the group.","description_kind":"markdown","computed":true}},"description":"Provide details about a specific group in the gitlab provider.\n\n\u003e **Note**: exactly one of group_id or full_path must be provided.","description_kind":"markdown"}},"gitlab_group_membership":{"version":0,"block":{"attributes":{"access_level":{"type":"string","description":"Only return members with the desired access level. Acceptable values are: `guest`, `reporter`, `developer`, `maintainer`, `owner`.","description_kind":"markdown","optional":true,"computed":true},"full_path":{"type":"string","description":"The full path of the group.","description_kind":"markdown","optional":true,"computed":true},"group_id":{"type":"number","description":"The ID of the group.","description_kind":"markdown","optional":true,"computed":true},"id":{"type":"string","description_kind":"plain","optional":true,"computed":true},"members":{"type":["list",["object",{"access_level":"string","avatar_url":"string","expires_at":"string","id":"number","name":"string","state":"string","username":"string","web_url":"string"}]],"description":"The list of group members.","description_kind":"markdown","computed":true}},"description":"Provide details about a list of group members in the gitlab provider. The results include id, username, name and more about the requested members.\n\n\u003e **Note**: exactly one of group_id or full_path must be provided.","description_kind":"markdown"}},"gitlab_project":{"version":0,"block":{"attributes":{"archived":{"type":"bool","description":"Whether the project is in read-only mode (archived).","description_kind":"markdown","computed":true},"default_branch":{"type":"string","description":"The default branch for the project.","description_kind":"markdown","computed":true},"description":{"type":"string","description":"A description of the project.","description_kind":"markdown","computed":true},"http_url_to_repo":{"type":"string","description":"URL that can be provided to `git clone` to clone the","description_kind":"markdown","computed":true},"id":{"type":"string","description":"The integer or path with namespace that uniquely identifies the project within the gitlab install.","description_kind":"markdown","optional":true,"computed":true},"issues_enabled":{"type":"bool","description":"Enable issue tracking for the project.","description_kind":"markdown","computed":true},"lfs_enabled":{"type":"bool","description":"Enable LFS for the project.","description_kind":"markdown","computed":true},"merge_pipelines_enabled":{"type":"bool","description":"Enable or disable merge pipelines.","description_kind":"markdown","computed":true},"merge_requests_enabled":{"type":"bool","description":"Enable merge requests for the project.","description_kind":"markdown","computed":true},"merge_trains_enabled":{"type":"bool","description":"Enable or disable merge trains.","description_kind":"markdown","computed":true},"name":{"type":"string","description":"The name of the project.","description_kind":"markdown","computed":true},"namespace_id":{"type":"number","description":"The namespace (group or user) of the project. Defaults to your user.","description_kind":"markdown","computed":true},"path":{"type":"string","description":"The path of the repository.","description_kind":"markdown","computed":true},"path_with_namespace":{"type":"string","description":"The path of the repository with namespace.","description_kind":"markdown","optional":true,"computed":true},"pipelines_enabled":{"type":"bool","description":"Enable pipelines for the project.","description_kind":"markdown","computed":true},"printing_merge_request_link_enabled":{"type":"bool","description":"Show link to create/view merge request when pushing from the command line","description_kind":"markdown","computed":true},"push_rules":{"type":["list",["object",{"author_email_regex":"string","branch_name_regex":"string","commit_committer_check":"bool","commit_message_negative_regex":"string","commit_message_regex":"string","deny_delete_tag":"bool","file_name_regex":"string","max_file_size":"number","member_check":"bool","prevent_secrets":"bool","reject_unsigned_commits":"bool"}]],"description":"Push rules for the project.","description_kind":"markdown","computed":true},"remove_source_branch_after_merge":{"type":"bool","description":"Enable `Delete source branch` option by default for all new merge requests","description_kind":"markdown","computed":true},"request_access_enabled":{"type":"bool","description":"Allow users to request member access.","description_kind":"markdown","computed":true},"runners_token":{"type":"string","description":"Registration token to use during runner setup.","description_kind":"markdown","computed":true},"snippets_enabled":{"type":"bool","description":"Enable snippets for the project.","description_kind":"markdown","computed":true},"ssh_url_to_repo":{"type":"string","description":"URL that can be provided to `git clone` to clone the","description_kind":"markdown","computed":true},"visibility_level":{"type":"string","description":"Repositories are created as private by default.","description_kind":"markdown","computed":true},"web_url":{"type":"string","description":"URL that can be used to find the project in a browser.","description_kind":"markdown","computed":true},"wiki_enabled":{"type":"bool","description":"Enable wiki for the project.","description_kind":"markdown","computed":true}},"description":"Provide details about a specific project in the gitlab provider. The results include the name of the project, path, description, default branch, etc.","description_kind":"markdown"}},"gitlab_project_protected_branch":{"version":0,"block":{"attributes":{"allow_force_push":{"type":"bool","description":"Whether force push is allowed.","description_kind":"markdown","computed":true},"code_owner_approval_required":{"type":"bool","description":"Reject code pushes that change files listed in the CODEOWNERS file.","description_kind":"markdown","computed":true},"id":{"type":"number","description":"The ID of this resource.","description_kind":"markdown","computed":true},"merge_access_levels":{"type":["list",["object",{"access_level":"string","access_level_description":"string","group_id":"number","user_id":"number"}]],"description":"Describes which access levels, users, or groups are allowed to perform the action.","description_kind":"markdown","computed":true},"name":{"type":"string","description":"The name of the protected branch.","description_kind":"markdown","required":true},"project_id":{"type":"string","description":"The integer or path with namespace that uniquely identifies the project.","description_kind":"markdown","required":true},"push_access_levels":{"type":["list",["object",{"access_level":"string","access_level_description":"string","group_id":"number","user_id":"number"}]],"description":"Describes which access levels, users, or groups are allowed to perform the action.","description_kind":"markdown","computed":true}},"description":"Provides details about a specific protected branch in a given project.","description_kind":"markdown"}},"gitlab_project_protected_branches":{"version":0,"block":{"attributes":{"id":{"type":"string","description_kind":"plain","optional":true,"computed":true},"project_id":{"type":"string","description":"The integer or path with namespace that uniquely identifies the project.","description_kind":"markdown","required":true},"protected_branches":{"type":["list",["object",{"allow_force_push":"bool","code_owner_approval_required":"bool","id":"number","merge_access_levels":["list",["object",{"access_level":"string","access_level_description":"string","group_id":"number","user_id":"number"}]],"name":"string","push_access_levels":["list",["object",{"access_level":"string","access_level_description":"string","group_id":"number","user_id":"number"}]]}]],"description":"A list of protected branches, as defined below.","description_kind":"markdown","computed":true}},"description":"Provides details about all protected branches in a given project.","description_kind":"markdown"}},"gitlab_projects":{"version":0,"block":{"attributes":{"archived":{"type":"bool","description":"Limit by archived status.","description_kind":"markdown","optional":true},"group_id":{"type":"number","description":"The ID of the group owned by the authenticated user to look projects for within. Cannot be used with `min_access_level`, `with_programming_language` or `statistics`.","description_kind":"markdown","optional":true},"id":{"type":"string","description_kind":"plain","optional":true,"computed":true},"include_subgroups":{"type":"bool","description":"Include projects in subgroups of this group. Default is `false`. Needs `group_id`.","description_kind":"markdown","optional":true},"max_queryable_pages":{"type":"number","description":"The maximum number of project results pages that may be queried. Prevents overloading your Gitlab instance in case of a misconfiguration.","description_kind":"markdown","optional":true},"membership":{"type":"bool","description":"Limit by projects that the current user is a member of.","description_kind":"markdown","optional":true},"min_access_level":{"type":"number","description":"Limit to projects where current user has at least this access level, refer to the [official documentation](https://docs.gitlab.com/ee/api/members.html) for values. Cannot be used with `group_id`.","description_kind":"markdown","optional":true},"order_by":{"type":"string","description":"Return projects ordered by `id`, `name`, `path`, `created_at`, `updated_at`, or `last_activity_at` fields. Default is `created_at`.","description_kind":"markdown","optional":true},"owned":{"type":"bool","description":"Limit by projects owned by the current user.","description_kind":"markdown","optional":true},"page":{"type":"number","description":"The first page to begin the query on.","description_kind":"markdown","optional":true},"per_page":{"type":"number","description":"The number of results to return per page.","description_kind":"markdown","optional":true},"projects":{"type":["list",["object",{"_links":["map","string"],"allow_merge_on_skipped_pipeline":"bool","approvals_before_merge":"number","archived":"bool","avatar_url":"string","build_coverage_regex":"string","ci_config_path":"string","ci_forward_deployment_enabled":"bool","container_registry_enabled":"bool","created_at":"string","creator_id":"number","custom_attributes":["list",["map","string"]],"default_branch":"string","description":"string","forked_from_project":["list",["object",{"http_url_to_repo":"string","id":"number","name":"string","name_with_namespace":"string","path":"string","path_with_namespace":"string","web_url":"string"}]],"forks_count":"number","http_url_to_repo":"string","id":"number","import_error":"string","import_status":"string","issues_enabled":"bool","jobs_enabled":"bool","last_activity_at":"string","lfs_enabled":"bool","merge_method":"string","merge_pipelines_enabled":"bool","merge_requests_enabled":"bool","merge_trains_enabled":"bool","mirror":"bool","mirror_overwrites_diverged_branches":"bool","mirror_trigger_builds":"bool","mirror_user_id":"number","name":"string","name_with_namespace":"string","namespace":["list",["object",{"full_path":"string","id":"number","kind":"string","name":"string","path":"string"}]],"only_allow_merge_if_all_discussions_are_resolved":"bool","only_allow_merge_if_pipeline_succeeds":"bool","only_mirror_protected_branches":"bool","open_issues_count":"number","owner":["list",["object",{"avatar_url":"string","id":"number","name":"string","state":"string","username":"string","website_url":"string"}]],"packages_enabled":"bool","path":"string","path_with_namespace":"string","permissions":["list",["object",{"group_access":["map","number"],"project_access":["map","number"]}]],"public":"bool","public_builds":"bool","readme_url":"string","request_access_enabled":"bool","resolve_outdated_diff_discussions":"bool","runners_token":"string","shared_runners_enabled":"bool","shared_with_groups":["list",["object",{"group_access_level":"string","group_id":"number","group_name":"string"}]],"snippets_enabled":"bool","ssh_url_to_repo":"string","star_count":"number","statistics":["map","number"],"tag_list":["set","string"],"visibility":"string","web_url":"string","wiki_enabled":"bool"}]],"description":"A list containing the projects matching the supplied arguments","description_kind":"markdown","computed":true},"search":{"type":"string","description":"Return list of authorized projects matching the search criteria.","description_kind":"markdown","optional":true},"simple":{"type":"bool","description":"Return only the ID, URL, name, and path of each project.","description_kind":"markdown","optional":true},"sort":{"type":"string","description":"Return projects sorted in `asc` or `desc` order. Default is `desc`.","description_kind":"markdown","optional":true},"starred":{"type":"bool","description":"Limit by projects starred by the current user.","description_kind":"markdown","optional":true},"statistics":{"type":"bool","description":"Include project statistics. Cannot be used with `group_id`.","description_kind":"markdown","optional":true},"visibility":{"type":"string","description":"Limit by visibility `public`, `internal`, or `private`.","description_kind":"markdown","optional":true},"with_custom_attributes":{"type":"bool","description":"Include custom attributes in response _(admins only)_.","description_kind":"markdown","optional":true},"with_issues_enabled":{"type":"bool","description":"Limit by projects with issues feature enabled. Default is `false`.","description_kind":"markdown","optional":true},"with_merge_requests_enabled":{"type":"bool","description":"Limit by projects with merge requests feature enabled. Default is `false`.","description_kind":"markdown","optional":true},"with_programming_language":{"type":"string","description":"Limit by projects which use the given programming language. Cannot be used with `group_id`.","description_kind":"markdown","optional":true},"with_shared":{"type":"bool","description":"Include projects shared to this group. Default is `true`. Needs `group_id`.","description_kind":"markdown","optional":true}},"description":"Provide details about a list of projects in the Gitlab provider. Listing all projects and group projects with [project filtering](https://docs.gitlab.com/ee/api/projects.html#list-user-projects) or [group project filtering](https://docs.gitlab.com/ee/api/groups.html#list-a-groups-projects) is supported.\n\n\u003e **NOTE**: This data source supports all available filters exposed by the `xanzy/go-gitlab` package, which might not expose all available filters exposed by the Gitlab APIs.\n\n\u003e **NOTE**: The [owner sub-attributes](#nestedobjatt--projects--owner) are only populated if the Gitlab token used has an administrator scope.","description_kind":"markdown"}},"gitlab_user":{"version":0,"block":{"attributes":{"avatar_url":{"type":"string","description":"The avatar URL of the user.","description_kind":"markdown","computed":true},"bio":{"type":"string","description":"The bio of the user.","description_kind":"markdown","computed":true},"can_create_group":{"type":"bool","description":"Whether the user can create groups.","description_kind":"markdown","computed":true},"can_create_project":{"type":"bool","description":"Whether the user can create projects.","description_kind":"markdown","computed":true},"color_scheme_id":{"type":"number","description":"User's color scheme ID.","description_kind":"markdown","computed":true},"created_at":{"type":"string","description":"Date the user was created at.","description_kind":"markdown","computed":true},"current_sign_in_at":{"type":"string","description":"Current user's sign-in date.","description_kind":"markdown","computed":true},"email":{"type":"string","description":"The public email address of the user. **Note**: before GitLab 14.8 the lookup was based on the users primary email address.","description_kind":"markdown","optional":true,"computed":true},"extern_uid":{"type":"string","description":"The external UID of the user.","description_kind":"markdown","computed":true},"external":{"type":"bool","description":"Whether the user is external.","description_kind":"markdown","computed":true},"id":{"type":"string","description_kind":"plain","optional":true,"computed":true},"is_admin":{"type":"bool","description":"Whether the user is an admin.","description_kind":"markdown","computed":true},"last_sign_in_at":{"type":"string","description":"Last user's sign-in date.","description_kind":"markdown","computed":true},"linkedin":{"type":"string","description":"LinkedIn profile of the user.","description_kind":"markdown","computed":true},"location":{"type":"string","description":"The location of the user.","description_kind":"markdown","computed":true},"name":{"type":"string","description":"The name of the user.","description_kind":"markdown","computed":true},"note":{"type":"string","description":"Admin notes for this user.","description_kind":"markdown","computed":true},"organization":{"type":"string","description":"The organization of the user.","description_kind":"markdown","computed":true},"projects_limit":{"type":"number","description":"Number of projects the user can create.","description_kind":"markdown","computed":true},"skype":{"type":"string","description":"Skype username of the user.","description_kind":"markdown","computed":true},"state":{"type":"string","description":"Whether the user is active or blocked.","description_kind":"markdown","computed":true},"theme_id":{"type":"number","description":"User's theme ID.","description_kind":"markdown","computed":true},"twitter":{"type":"string","description":"Twitter username of the user.","description_kind":"markdown","computed":true},"two_factor_enabled":{"type":"bool","description":"Whether user's two-factor auth is enabled.","description_kind":"markdown","computed":true},"user_id":{"type":"number","description":"The ID of the user.","description_kind":"markdown","optional":true,"computed":true},"user_provider":{"type":"string","description":"The UID provider of the user.","description_kind":"markdown","computed":true},"username":{"type":"string","description":"The username of the user.","description_kind":"markdown","optional":true,"computed":true},"website_url":{"type":"string","description":"User's website URL.","description_kind":"markdown","computed":true}},"description":"Provide details about a specific user in the gitlab provider. Especially the ability to lookup the id for linking to other resources.\n\n-\u003e Some attributes might not be returned depending on if you're an admin or not. Please refer to [Gitlab documentation](https://docs.gitlab.com/ce/api/users.html#single-user) for more details.","description_kind":"markdown"}},"gitlab_users":{"version":0,"block":{"attributes":{"active":{"type":"bool","description":"Filter users that are active.","description_kind":"markdown","optional":true},"blocked":{"type":"bool","description":"Filter users that are blocked.","description_kind":"markdown","optional":true},"created_after":{"type":"string","description":"Search for users created after a specific date. (Requires administrator privileges)","description_kind":"markdown","optional":true},"created_before":{"type":"string","description":"Search for users created before a specific date. (Requires administrator privileges)","description_kind":"markdown","optional":true},"extern_provider":{"type":"string","description":"Lookup users by external provider. (Requires administrator privileges)","description_kind":"markdown","optional":true},"extern_uid":{"type":"string","description":"Lookup users by external UID. (Requires administrator privileges)","description_kind":"markdown","optional":true},"id":{"type":"string","description_kind":"plain","optional":true,"computed":true},"order_by":{"type":"string","description":"Order the users' list by `id`, `name`, `username`, `created_at` or `updated_at`. (Requires administrator privileges)","description_kind":"markdown","optional":true},"search":{"type":"string","description":"Search users by username, name or email.","description_kind":"markdown","optional":true},"sort":{"type":"string","description":"Sort users' list in asc or desc order. (Requires administrator privileges)","description_kind":"markdown","optional":true},"users":{"type":["list",["object",{"avatar_url":"string","bio":"string","can_create_group":"bool","can_create_project":"bool","color_scheme_id":"number","created_at":"string","current_sign_in_at":"string","email":"string","extern_uid":"string","external":"bool","id":"number","is_admin":"bool","last_sign_in_at":"string","linkedin":"string","location":"string","name":"string","organization":"string","projects_limit":"number","provider":"string","skype":"string","state":"string","theme_id":"number","twitter":"string","two_factor_enabled":"bool","username":"string","website_url":"string"}]],"description":"The list of users.","description_kind":"markdown","computed":true}},"description":"Provide details about a list of users in the gitlab provider. The results include id, username, email, name and more about the requested users. Users can also be sorted and filtered using several options.\n\n**NOTE**: Some available options require administrator privileges. Please visit [Gitlab API documentation][users_for_admins] for more information.","description_kind":"markdown"}}}}}}
